
Microsoft Visual Studio Solution File, Format Version 12.00
# Visual Studio Version 17
VisualStudioVersion = 17.5.33516.290
MinimumVisualStudioVersion = 10.0.40219.1
Project("{FAE04EC0-301F-11D3-BF4B-00C04F79EFBC}") = "PaginationPerformance", "PaginationPerformance\PaginationPerformance.csproj", "{6892A8CF-9DCB-4D1E-A0BF-AC0B0A4924D5}"
EndProject
Global
	GlobalSection(SolutionConfigurationPlatforms) = preSolution
		Debug|Any CPU = Debug|Any CPU
		Release|Any CPU = Release|Any CPU
	EndGlobalSection
	GlobalSection(ProjectConfigurationPlatforms) = postSolution
		{6892A8CF-9DCB-4D1E-A0BF-AC0B0A4924D5}.Debug|Any CPU.ActiveCfg = Debug|Any CPU
		{6892A8CF-9DCB-4D1E-A0BF-AC0B0A4924D5}.Debug|Any CPU.Build.0 = Debug|Any CPU
		{6892A8CF-9DCB-4D1E-A0BF-AC0B0A4924D5}.Release|Any CPU.ActiveCfg = Release|Any CPU
		{6892A8CF-9DCB-4D1E-A0BF-AC0B0A4924D5}.Release|Any CPU.Build.0 = Release|Any CPU
	EndGlobalSection
	GlobalSection(SolutionProperties) = preSolution
		HideSolutionNode = FALSE
	EndGlobalSection
	GlobalSection(ExtensibilityGlobals) = postSolution
		SolutionGuid = {ACCC2563-6CFF-43E7-B163-E38E24B079DC}
	EndGlobalSection
EndGlobal
